
Microsoft Visual Studio Solution File, Format Version 12.00
# Visual Studio 15
VisualStudioVersion = 15.0.27130.2027
MinimumVisualStudioVersion = 10.0.40219.1
Project("{FAE04EC0-301F-11D3-BF4B-00C04F79EFBC}") = "ameenaMid2", "ameenaMid2\ameenaMid2.csproj", "{F66741CE-5504-42CF-BD82-DCEBAE525572}"
EndProject
Global
	GlobalSection(SolutionConfigurationPlatforms) = preSolution
		Debug|Any CPU = Debug|Any CPU
		Release|Any CPU = Release|Any CPU
	EndGlobalSection
	GlobalSection(ProjectConfigurationPlatforms) = postSolution
		{F66741CE-5504-42CF-BD82-DCEBAE525572}.Debug|Any CPU.ActiveCfg = Debug|Any CPU
		{F66741CE-5504-42CF-BD82-DCEBAE525572}.Debug|Any CPU.Build.0 = Debug|Any CPU
		{F66741CE-5504-42CF-BD82-DCEBAE525572}.Release|Any CPU.ActiveCfg = Release|Any CPU
		{F66741CE-5504-42CF-BD82-DCEBAE525572}.Release|Any CPU.Build.0 = Release|Any CPU
	EndGlobalSection
	GlobalSection(SolutionProperties) = preSolution
		HideSolutionNode = FALSE
	EndGlobalSection
	GlobalSection(ExtensibilityGlobals) = postSolution
		SolutionGuid = {AD7C39C3-2DFE-4A71-83DA-8C695B1139F1}
	EndGlobalSection
EndGlobal
